
Microsoft Visual Studio Solution File, Format Version 12.00
Project("{2150E333-8FDC-42A3-9474-1A3956D46DE8}") = "src", "src", "{D6F18452-542D-4935-A704-1EC47EEA66E9}"
EndProject
Project("{FAE04EC0-301F-11D3-BF4B-00C04F79EFBC}") = "Domain", "Domain\Domain.csproj", "{3CD7A791-82EF-4EB7-937F-3A7955F2FFE8}"
EndProject
Project("{FAE04EC0-301F-11D3-BF4B-00C04F79EFBC}") = "Application", "Application\Application.csproj", "{CE96D223-F219-421F-B09B-EED3A157054A}"
EndProject
Project("{FAE04EC0-301F-11D3-BF4B-00C04F79EFBC}") = "Api", "Api\Api.csproj", "{6F86EAF9-ED0A-4621-A190-678328C0EEF6}"
EndProject
Project("{FAE04EC0-301F-11D3-BF4B-00C04F79EFBC}") = "Infrastructure", "Infrastructure\Infrastructure.csproj", "{469CB209-0CE8-42B2-892E-AABEEF9A1332}"
EndProject
Project("{2150E333-8FDC-42A3-9474-1A3956D46DE8}") = "tests", "tests", "{4C005186-BC8B-490B-B1B6-35549D70AB78}"
EndProject
Project("{FAE04EC0-301F-11D3-BF4B-00C04F79EFBC}") = "Tests.Common", "Tests.Common\Tests.Common.csproj", "{6B3F80B0-F5D6-43E2-BD03-AED0A15F3575}"
EndProject
Project("{FAE04EC0-301F-11D3-BF4B-00C04F79EFBC}") = "Tests.Data", "Tests.Data\Tests.Data.csproj", "{DC8B6AB2-C143-46C5-9BE8-60E4A2BE1D8E}"
EndProject
Project("{FAE04EC0-301F-11D3-BF4B-00C04F79EFBC}") = "Api.Tests.Integration", "Api.Tests.Integration\Api.Tests.Integration.csproj", "{FB2B36D0-3E13-4124-85C6-5D522F7EF703}"
EndProject
Global
	GlobalSection(SolutionConfigurationPlatforms) = preSolution
		Debug|Any CPU = Debug|Any CPU
		Release|Any CPU = Release|Any CPU
	EndGlobalSection
	GlobalSection(ProjectConfigurationPlatforms) = postSolution
		{3CD7A791-82EF-4EB7-937F-3A7955F2FFE8}.Debug|Any CPU.ActiveCfg = Debug|Any CPU
		{3CD7A791-82EF-4EB7-937F-3A7955F2FFE8}.Debug|Any CPU.Build.0 = Debug|Any CPU
		{3CD7A791-82EF-4EB7-937F-3A7955F2FFE8}.Release|Any CPU.ActiveCfg = Release|Any CPU
		{3CD7A791-82EF-4EB7-937F-3A7955F2FFE8}.Release|Any CPU.Build.0 = Release|Any CPU
		{CE96D223-F219-421F-B09B-EED3A157054A}.Debug|Any CPU.ActiveCfg = Debug|Any CPU
		{CE96D223-F219-421F-B09B-EED3A157054A}.Debug|Any CPU.Build.0 = Debug|Any CPU
		{CE96D223-F219-421F-B09B-EED3A157054A}.Release|Any CPU.ActiveCfg = Release|Any CPU
		{CE96D223-F219-421F-B09B-EED3A157054A}.Release|Any CPU.Build.0 = Release|Any CPU
		{6F86EAF9-ED0A-4621-A190-678328C0EEF6}.Debug|Any CPU.ActiveCfg = Debug|Any CPU
		{6F86EAF9-ED0A-4621-A190-678328C0EEF6}.Debug|Any CPU.Build.0 = Debug|Any CPU
		{6F86EAF9-ED0A-4621-A190-678328C0EEF6}.Release|Any CPU.ActiveCfg = Release|Any CPU
		{6F86EAF9-ED0A-4621-A190-678328C0EEF6}.Release|Any CPU.Build.0 = Release|Any CPU
		{469CB209-0CE8-42B2-892E-AABEEF9A1332}.Debug|Any CPU.ActiveCfg = Debug|Any CPU
		{469CB209-0CE8-42B2-892E-AABEEF9A1332}.Debug|Any CPU.Build.0 = Debug|Any CPU
		{469CB209-0CE8-42B2-892E-AABEEF9A1332}.Release|Any CPU.ActiveCfg = Release|Any CPU
		{469CB209-0CE8-42B2-892E-AABEEF9A1332}.Release|Any CPU.Build.0 = Release|Any CPU
		{6B3F80B0-F5D6-43E2-BD03-AED0A15F3575}.Debug|Any CPU.ActiveCfg = Debug|Any CPU
		{6B3F80B0-F5D6-43E2-BD03-AED0A15F3575}.Debug|Any CPU.Build.0 = Debug|Any CPU
		{6B3F80B0-F5D6-43E2-BD03-AED0A15F3575}.Release|Any CPU.ActiveCfg = Release|Any CPU
		{6B3F80B0-F5D6-43E2-BD03-AED0A15F3575}.Release|Any CPU.Build.0 = Release|Any CPU
		{DC8B6AB2-C143-46C5-9BE8-60E4A2BE1D8E}.Debug|Any CPU.ActiveCfg = Debug|Any CPU
		{DC8B6AB2-C143-46C5-9BE8-60E4A2BE1D8E}.Debug|Any CPU.Build.0 = Debug|Any CPU
		{DC8B6AB2-C143-46C5-9BE8-60E4A2BE1D8E}.Release|Any CPU.ActiveCfg = Release|Any CPU
		{DC8B6AB2-C143-46C5-9BE8-60E4A2BE1D8E}.Release|Any CPU.Build.0 = Release|Any CPU
		{FB2B36D0-3E13-4124-85C6-5D522F7EF703}.Debug|Any CPU.ActiveCfg = Debug|Any CPU
		{FB2B36D0-3E13-4124-85C6-5D522F7EF703}.Debug|Any CPU.Build.0 = Debug|Any CPU
		{FB2B36D0-3E13-4124-85C6-5D522F7EF703}.Release|Any CPU.ActiveCfg = Release|Any CPU
		{FB2B36D0-3E13-4124-85C6-5D522F7EF703}.Release|Any CPU.Build.0 = Release|Any CPU
	EndGlobalSection
	GlobalSection(NestedProjects) = preSolution
		{3CD7A791-82EF-4EB7-937F-3A7955F2FFE8} = {D6F18452-542D-4935-A704-1EC47EEA66E9}
		{CE96D223-F219-421F-B09B-EED3A157054A} = {D6F18452-542D-4935-A704-1EC47EEA66E9}
		{6F86EAF9-ED0A-4621-A190-678328C0EEF6} = {D6F18452-542D-4935-A704-1EC47EEA66E9}
		{469CB209-0CE8-42B2-892E-AABEEF9A1332} = {D6F18452-542D-4935-A704-1EC47EEA66E9}
		{6B3F80B0-F5D6-43E2-BD03-AED0A15F3575} = {4C005186-BC8B-490B-B1B6-35549D70AB78}
		{DC8B6AB2-C143-46C5-9BE8-60E4A2BE1D8E} = {4C005186-BC8B-490B-B1B6-35549D70AB78}
		{FB2B36D0-3E13-4124-85C6-5D522F7EF703} = {4C005186-BC8B-490B-B1B6-35549D70AB78}
	EndGlobalSection
EndGlobal
